github.com/rogpeppe/ioseq v0.0.0-20250408075941-a06b97ca7a06 h1:h1jx1GqVcNCQzcUJcevz6eelSSAGl20xk9QmVRKAV+Q=
github.com/rogpeppe/ioseq v0.0.0-20250408075941-a06b97ca7a06/go.mod h1:Rs8CeC6rysLMoBy6MSLofmizxZm7lg52K8Wu2AYHVpA=
go.pact.im/x/httpclient v0.0.14 h1:pQVTrqsLamCcT5OGSdBc8bx2K5oTsHL7u6I+Y+MQG0I=
go.pact.im/x/httpclient v0.0.14/go.mod h1:XuIm8YrrdHkHmDUXUEcUHovX/mCv3pSAXhA2lPGcLXk=
go.uber.org/mock v0.6.0 h1:hyF9dfmbgIX5EfOdasqLsWD6xqpNZlXblLB/Dbnwv3Y=
go.uber.org/mock v0.6.0/go.mod h1:KiVJ4BqZJaMj4svdfmHM0AUx4NJYO8ZNpPnZn1Z+BBU=
golang.org/x/net v0.44.0 h1:evd8IRDyfNBMBTTY5XRF1vaZlD+EmWx6x8PkhR04H/I=
golang.org/x/net v0.44.0/go.mod h1:ECOoLqd5U3Lhyeyo/QDCEVQ4sNgYsqvCZ722XogGieY=
golang.org/x/text v0.29.0 h1:1neNs90w9YzJ9BocxfsQNHKuAT4pkghyXc4nhZ6sJvk=
golang.org/x/text v0.29.0/go.mod h1:7MhJOA9CD2qZyOKYazxdYMF85OwPdEr9jTtBpO7ydH4=
