github.com/rogpeppe/ioseq v0.0.0-20250408075941-a06b97ca7a06 h1:h1jx1GqVcNCQzcUJcevz6eelSSAGl20xk9QmVRKAV+Q=
github.com/rogpeppe/ioseq v0.0.0-20250408075941-a06b97ca7a06/go.mod h1:Rs8CeC6rysLMoBy6MSLofmizxZm7lg52K8Wu2AYHVpA=
go.pact.im/x/httpclient v0.0.18 h1:0cIVUb514mhMCwDnhHnZaTdnO8j8ZGs+XfGMXirtz84=
go.pact.im/x/httpclient v0.0.18/go.mod h1:XuIm8YrrdHkHmDUXUEcUHovX/mCv3pSAXhA2lPGcLXk=
go.uber.org/mock v0.6.0 h1:hyF9dfmbgIX5EfOdasqLsWD6xqpNZlXblLB/Dbnwv3Y=
go.uber.org/mock v0.6.0/go.mod h1:KiVJ4BqZJaMj4svdfmHM0AUx4NJYO8ZNpPnZn1Z+BBU=
golang.org/x/net v0.54.0 h1:2zJIZAxAHV/OHCDTCOHAYehQzLfSXuf/5SoL/Dv6w/w=
golang.org/x/net v0.54.0/go.mod h1:Sj4oj8jK6XmHpBZU/zWHw3BV3abl4Kvi+Ut7cQcY+cQ=
golang.org/x/text v0.37.0 h1:Cqjiwd9eSg8e0QAkyCaQTNHFIIzWtidPahFWR83rTrc=
golang.org/x/text v0.37.0/go.mod h1:a5sjxXGs9hsn/AJVwuElvCAo9v8QYLzvavO5z2PiM38=
