github.com/robfig/cron/v3 v3.0.1 h1:WdRxkvbJztn8LMz/QEvLN5sBU+xKpSqwwUO1Pjr4qDs=
github.com/robfig/cron/v3 v3.0.1/go.mod h1:eQICP3HwyT7UooqI/z+Ov+PtYAWygg1TEWWzGIFLtro=
go.pact.im/x/clock v0.0.19 h1:xgdFw4zdjUCELAv3h+EK0ABye28FtSfJiPW//xy7AVw=
go.pact.im/x/clock v0.0.19/go.mod h1:xccf0pr/bP9gPuJMVhuyMeIK558SNTK8legmbqFB4Xg=
go.uber.org/mock v0.6.0 h1:hyF9dfmbgIX5EfOdasqLsWD6xqpNZlXblLB/Dbnwv3Y=
go.uber.org/mock v0.6.0/go.mod h1:KiVJ4BqZJaMj4svdfmHM0AUx4NJYO8ZNpPnZn1Z+BBU=
