github.com/robfig/cron/v3 v3.0.1 h1:WdRxkvbJztn8LMz/QEvLN5sBU+xKpSqwwUO1Pjr4qDs=
github.com/robfig/cron/v3 v3.0.1/go.mod h1:eQICP3HwyT7UooqI/z+Ov+PtYAWygg1TEWWzGIFLtro=
go.pact.im/x/clock v0.0.21 h1:Qm0bAUvUQpvP8PJDqfe9kxVvfkjARX8vuW00mJVa0Nc=
go.pact.im/x/clock v0.0.21/go.mod h1:BTeKsfO0jGvgzMYrAJuBOkGS2fBH2rEcY5wgdnfxs6g=
go.uber.org/mock v0.6.0 h1:hyF9dfmbgIX5EfOdasqLsWD6xqpNZlXblLB/Dbnwv3Y=
go.uber.org/mock v0.6.0/go.mod h1:KiVJ4BqZJaMj4svdfmHM0AUx4NJYO8ZNpPnZn1Z+BBU=
