github.com/robfig/cron/v3 v3.0.1 h1:WdRxkvbJztn8LMz/QEvLN5sBU+xKpSqwwUO1Pjr4qDs=
github.com/robfig/cron/v3 v3.0.1/go.mod h1:eQICP3HwyT7UooqI/z+Ov+PtYAWygg1TEWWzGIFLtro=
go.pact.im/x/clock v0.0.21 h1:Qm0bAUvUQpvP8PJDqfe9kxVvfkjARX8vuW00mJVa0Nc=
go.pact.im/x/clock v0.0.21/go.mod h1:BTeKsfO0jGvgzMYrAJuBOkGS2fBH2rEcY5wgdnfxs6g=
go.pact.im/x/flaky v0.0.21 h1:G01NlIKV83Bz3eOcPPNuHZnOBup7wVZG1vLiophri/8=
go.pact.im/x/flaky v0.0.21/go.mod h1:rTksRMoaFKiYV/bsDYASN1pfDFrxCWHbx+H/SWbHt/A=
go.pact.im/x/option v0.0.21 h1:yYuxC+YY59qkhHIJL5jNRp8n1NO4lqVNG5nWc7mjFFU=
go.pact.im/x/option v0.0.21/go.mod h1:48tUivpw7sDBe7VCngu6HZKpt2s6Li5wcH6zpPy18pg=
go.pact.im/x/process v0.0.20 h1:8qDRqnnwa6wLa6L0EcTx+Hl9Ip9uGjOtSIKGj33kuqY=
go.pact.im/x/process v0.0.20/go.mod h1:7Ut+D4SXM3NdazMX3Ko4Ex59TGpbnqCPOqCZt+oMBCs=
go.pact.im/x/task v0.0.21 h1:dTT2LDZ7SCn3ZDK7ZB3DPTupLyq4HdmULPy9FiCJ1uQ=
go.pact.im/x/task v0.0.21/go.mod h1:eaj7d9xqNIiiD/S7OA8vcMn+zyZ6qkGz81Qrq0ngr90=
go.uber.org/mock v0.6.0 h1:hyF9dfmbgIX5EfOdasqLsWD6xqpNZlXblLB/Dbnwv3Y=
go.uber.org/mock v0.6.0/go.mod h1:KiVJ4BqZJaMj4svdfmHM0AUx4NJYO8ZNpPnZn1Z+BBU=
