github.com/robfig/cron/v3 v3.0.1 h1:WdRxkvbJztn8LMz/QEvLN5sBU+xKpSqwwUO1Pjr4qDs=
github.com/robfig/cron/v3 v3.0.1/go.mod h1:eQICP3HwyT7UooqI/z+Ov+PtYAWygg1TEWWzGIFLtro=
go.pact.im/x/clock v0.0.20 h1:G99rsxlgR80dMA0Mq6XUnidL3cgTtPEwiIe+uxXRi48=
go.pact.im/x/clock v0.0.20/go.mod h1:BTeKsfO0jGvgzMYrAJuBOkGS2fBH2rEcY5wgdnfxs6g=
go.pact.im/x/flaky v0.0.20 h1:lTHncsRxntcuiofPxCM6Z8zG+5YR5p4UVBU1HLigi/M=
go.pact.im/x/flaky v0.0.20/go.mod h1:qUgGJkqVQeSJQRCmidwUKDhy/lpogCvwGfrSb6YnV9c=
go.pact.im/x/option v0.0.20 h1:ZKPI23oowHV8+lbIFcSyi/zQ6joBsRU/oaycY4Wx0rA=
go.pact.im/x/option v0.0.20/go.mod h1:48tUivpw7sDBe7VCngu6HZKpt2s6Li5wcH6zpPy18pg=
go.pact.im/x/process v0.0.19 h1:Qq1GOtDKQ8WFUHnfF6Nekyy+HRk1vQoGv0pck07Ptig=
go.pact.im/x/process v0.0.19/go.mod h1:4ewXM5BiJ+4hKxCWl83VfIiV6BqFgqHJm9ueRR3xfq8=
go.pact.im/x/task v0.0.19 h1:Vcx+2upqmUv+GlcRVJssfixDhwKJA5LAoX1/UCaxXj8=
go.pact.im/x/task v0.0.19/go.mod h1:wDG7WL2XD6QL0SKBRV9SYkLya7qpkTHEJ9rUYcNStzo=
go.uber.org/mock v0.6.0 h1:hyF9dfmbgIX5EfOdasqLsWD6xqpNZlXblLB/Dbnwv3Y=
go.uber.org/mock v0.6.0/go.mod h1:KiVJ4BqZJaMj4svdfmHM0AUx4NJYO8ZNpPnZn1Z+BBU=
