github.com/google/go-cmp v0.7.0 h1:wk8382ETsv4JYUZwIsn6YpYiWiBsYLSJiTsyBybVuN8=
github.com/google/go-cmp v0.7.0/go.mod h1:pXiqmnSA92OHEEa9HXL2W4E7lf9JzCmGVUdgjX3N/iU=
github.com/robfig/cron/v3 v3.0.1 h1:WdRxkvbJztn8LMz/QEvLN5sBU+xKpSqwwUO1Pjr4qDs=
github.com/robfig/cron/v3 v3.0.1/go.mod h1:eQICP3HwyT7UooqI/z+Ov+PtYAWygg1TEWWzGIFLtro=
go.pact.im/x/clock v0.0.14 h1:bQiRKN5R/+OVleemlzbm394TVrWz/B1lxN98+yWOymI=
go.pact.im/x/clock v0.0.14/go.mod h1:xccf0pr/bP9gPuJMVhuyMeIK558SNTK8legmbqFB4Xg=
go.pact.im/x/flaky v0.0.14 h1:alXQStcuXzveuNiFXM4wO4EWCgIQ1/cZEhcj2feunZI=
go.pact.im/x/flaky v0.0.14/go.mod h1:6n84ydmL8xtD9nSGNV6yg5zvT108ZB1lzxlIG6fsL6Y=
go.pact.im/x/option v0.0.14 h1:20LdGIaqV1blEEverWAc7dl6R212T5VPFuVCGBpOkqM=
go.pact.im/x/option v0.0.14/go.mod h1:DGMYtn1IbZ/j6vbX376nTk415Kug8EiHlveKkYagA+8=
go.pact.im/x/process v0.0.13 h1:VL5efcLaLZrRZkvJ+lhPMBRakIh0RCvEfgidAylqkWY=
go.pact.im/x/process v0.0.13/go.mod h1:SPtzn95MKpFekNsFP/vHl7eDe7lsOicpdq3S9S/5zZc=
go.pact.im/x/task v0.0.13 h1:uKULxvtjfXWOZrkSNSevx1ZEmRCG5sTtuH3mmRYGNwA=
go.pact.im/x/task v0.0.13/go.mod h1:UhJ0wrm62pEj39W2y1lPSywYPjNkL+tcdtVxqUM866s=
go.uber.org/mock v0.6.0 h1:hyF9dfmbgIX5EfOdasqLsWD6xqpNZlXblLB/Dbnwv3Y=
go.uber.org/mock v0.6.0/go.mod h1:KiVJ4BqZJaMj4svdfmHM0AUx4NJYO8ZNpPnZn1Z+BBU=
gotest.tools/v3 v3.5.2 h1:7koQfIKdy+I8UTetycgUqXWSDwpgv193Ka+qRsmBY8Q=
gotest.tools/v3 v3.5.2/go.mod h1:LtdLGcnqToBH83WByAAi/wiwSFCArdFIUV/xxN4pcjA=
