go.pact.im/x/option v0.0.17 h1:gXdvvc0KqEJ0BmvvuKdXpMWtvNedkr4w1xpbOiG3Yc4=
go.pact.im/x/option v0.0.17/go.mod h1:DGMYtn1IbZ/j6vbX376nTk415Kug8EiHlveKkYagA+8=
go.pact.im/x/phcformat v0.0.17 h1:LAGPaHNRuiRQOiPktYMNQo2p/nFkiGIE2cneKT0tiDk=
go.pact.im/x/phcformat v0.0.17/go.mod h1:V9PLIBfV6+Xgcgjeot49sPHPDtDbWd5WC5WAcn9Hag0=
golang.org/x/crypto v0.42.0 h1:chiH31gIWm57EkTXpwnqf8qeuMUi0yekh6mT2AvFlqI=
golang.org/x/crypto v0.42.0/go.mod h1:4+rDnOTJhQCx2q7/j6rAN5XDw8kPjeaXEUR2eL94ix8=
golang.org/x/sys v0.36.0 h1:KVRy2GtZBrk1cBYA7MKu5bEZFxQk4NIDV6RLVcC8o0k=
golang.org/x/sys v0.36.0/go.mod h1:OgkHotnGiDImocRcuBABYBEXf8A9a87e/uXjp9XT3ks=
