go.pact.im/x/option v0.0.6 h1:8lam/SPqUxr/AhQV8S6pNs+2npB+Fcwgmfwqea6vrik=
go.pact.im/x/option v0.0.6/go.mod h1:mpzKc/UIz4m3X4/47trnsCXP15YoUJsAcSZTiqTkmqA=
go.pact.im/x/phcformat v0.0.6 h1:1Vww+WEVbTTxyr+SLSsHaI3zCYwOe7KmY/8RRZ4RVgU=
go.pact.im/x/phcformat v0.0.6/go.mod h1:q+HHj0v7P1fA3WObC9Ts7YvAm21Jmviw+Kep/DlJjRc=
golang.org/x/crypto v0.21.0 h1:X31++rzVUdKhX5sWmSOFZxx8UW/ldWx55cbf08iNAMA=
golang.org/x/crypto v0.21.0/go.mod h1:0BP7YvVV9gBbVKyeTG0Gyn+gZm94bibOW5BjDEYAOMs=
golang.org/x/sys v0.18.0 h1:DBdB3niSjOA/O0blCZBqDefyWNYveAYMNF1Wum0DYQ4=
golang.org/x/sys v0.18.0/go.mod h1:/VUhepiaJMQUp4+oa/7Zr1D23ma6VTLIYjOOTFZPUcA=
