go.pact.im/x/option v0.0.23 h1:vDFjZ036eMzzQhqtl2uFjw6SPpK+X5/a7g/5UAFHvv0=
go.pact.im/x/option v0.0.23/go.mod h1:48tUivpw7sDBe7VCngu6HZKpt2s6Li5wcH6zpPy18pg=
go.pact.im/x/phcformat v0.0.22 h1:eZ0VJyKHdB4SH5gOpkR5+k2eB8QHbYorBEB6YaW6zGI=
go.pact.im/x/phcformat v0.0.22/go.mod h1:/70qAngqlaeV0OH4/8Hh5yV8SBKvyRKdq1Ebjt6WDTM=
golang.org/x/crypto v0.53.0 h1:QZ4Muo8THX6CizN2vPPd5fBGHyogrdK9fG4wLPFUsto=
golang.org/x/crypto v0.53.0/go.mod h1:DNLU434OwVakk9PzuwV8w62mAJpRJL3vsgcfp4Qnsio=
golang.org/x/sys v0.46.0 h1:noSf2Fq6F8DBgS+LysIkx7rIExoNHJsxOAtPp4rthXw=
golang.org/x/sys v0.46.0/go.mod h1:4GL1E5IUh+htKOUEOaiffhrAeqysfVGipDYzABqnCmw=
