github.com/go-x-pkg/namesgenerator v0.0.1 h1:tILPn4fEY5Zuy+4nxb9xxXNg9RoMBVp01eFxpSA9oDE=
github.com/go-x-pkg/namesgenerator v0.0.1/go.mod h1:7RIp8SIVItt3Y94gtc6aqz5rCwPeVQX/aQQ6T822xPA=
github.com/google/go-cmp v0.6.0 h1:ofyhxvXcZhMsU5ulbFiLKl/XBFqE1GSq7atu8tAmTRI=
github.com/google/go-cmp v0.6.0/go.mod h1:17dUlkBOakJ0+DkrSSNjCkIjxS6bF9zb3elmeNGIjoY=
github.com/technosophos/moniker v0.0.0-20210218184952-3ea787d3943b h1:fo0GUa0B+vxSZ8bgnL3fpCPHReM/QPlALdak9T/Zw5Y=
github.com/technosophos/moniker v0.0.0-20210218184952-3ea787d3943b/go.mod h1:O1c8HleITsZqzNZDjSNzirUGsMT0oGu9LhHKoJrqO+A=
gotest.tools/v3 v3.5.1 h1:EENdUnS3pdur5nybKYIh2Vfgc8IUNBjxDPSjtiJcOzU=
gotest.tools/v3 v3.5.1/go.mod h1:isy3WKz7GK6uNw/sbHzfKBLvlvXwUyV06n6brMxxopU=
