github.com/davecgh/go-spew v1.1.1 h1:vj9j/u1bqnvCEfJOwUhtlOARqs3+rkHYY13jYWTU97c=
github.com/davecgh/go-spew v1.1.1/go.mod h1:J7Y8YcW2NihsgmVo/mv3lAwl/skON4iLHjSsI+c5H38=
github.com/google/go-cmp v0.6.0 h1:ofyhxvXcZhMsU5ulbFiLKl/XBFqE1GSq7atu8tAmTRI=
github.com/google/go-cmp v0.6.0/go.mod h1:17dUlkBOakJ0+DkrSSNjCkIjxS6bF9zb3elmeNGIjoY=
github.com/pmezard/go-difflib v1.0.0 h1:4DBwDE0NGyQoBHbLQYPwSUPoCMWR5BEzIk/f1lZbAQM=
github.com/pmezard/go-difflib v1.0.0/go.mod h1:iKH77koFhYxTK1pcRnkKkqfTogsbg7gZNVY4sRDYZ/4=
github.com/stretchr/testify v1.9.0 h1:HtqpIVDClZ4nwg75+f6Lvsy/wHu+3BoSGCbBAcpTsTg=
github.com/stretchr/testify v1.9.0/go.mod h1:r2ic/lqez/lEtzL7wO/rwa5dbSLXVDPFyf8C91i36aY=
go.pact.im/x/httptrack v0.0.10 h1:N2KmkiCDq+gdla25Jsf21EfnXw0z1CeKbpQyZi9e5Fc=
go.pact.im/x/httptrack v0.0.10/go.mod h1:mNDuO73KCr0PA/R0tg0DzDNx6BG2r4bU7Dbge7d4kB8=
go.pact.im/x/netchan v0.0.11 h1:JjVB1cBRf0ayNkgh4FisZm5H9lI1MTrkVwS9U5Ann0w=
go.pact.im/x/netchan v0.0.11/go.mod h1:1blHiOSyfxVUL0alLfOGvJeWBdfyInYQcmeP43lzXO4=
go.pact.im/x/process v0.0.10 h1:nqU58z2CSRD8Jhs9cmCXS4tmcZ2+wrh+HWAK86Ssf20=
go.pact.im/x/process v0.0.10/go.mod h1:XPCAre72sCk+FshYuHOg8K3UKTzbQp1vbJHsjAU4wCk=
go.pact.im/x/task v0.0.11 h1:keQa8Iy+9olceJJzQY+42w4rrJcxoTPBYwnJgCLFPDI=
go.pact.im/x/task v0.0.11/go.mod h1:PTMJKCDrWo9y+VQ3o0LPuF4ODsNa/78zj6hxdxEa+DI=
go.uber.org/atomic v1.10.0 h1:9qC72Qh0+3MqyJbAn8YU5xVq1frD8bn3JtD2oXtafVQ=
go.uber.org/atomic v1.10.0/go.mod h1:LUxbIzbOniOlMKjJjyPfpl4v+PKK2cNJn91OQbhoJI0=
go.uber.org/goleak v1.3.0 h1:2K3zAYmnTNqV73imy9J1T3WC+gmCePx2hEGkimedGto=
go.uber.org/goleak v1.3.0/go.mod h1:CoHD4mav9JJNrW/WLlf7HGZPjdw8EucARQHekz1X6bE=
go.uber.org/multierr v1.9.0 h1:7fIwc/ZtS0q++VgcfqFDxSBZVv/Xo49/SYnDFupUwlI=
go.uber.org/multierr v1.9.0/go.mod h1:X2jQV1h+kxSjClGpnseKVIxpmcjrj7MNnI0bnlfKTVQ=
gopkg.in/yaml.v3 v3.0.1 h1:fxVm/GzAzEWqLHuvctI91KS9hhNmmWOoWu0XTYJS7CA=
gopkg.in/yaml.v3 v3.0.1/go.mod h1:K4uyk7z7BCEPqu6E+C64Yfv1cQ7kz7rIZviUmN+EgEM=
gotest.tools/v3 v3.4.0 h1:ZazjZUfuVeZGLAmlKKuyv3IKP5orXcwtOwDQH6YVr6o=
gotest.tools/v3 v3.4.0/go.mod h1:CtbdzLSsqVhDgMtKsx03ird5YTGB3ar27v0u/yKBW5g=
