github.com/davecgh/go-spew v1.1.1 h1:vj9j/u1bqnvCEfJOwUhtlOARqs3+rkHYY13jYWTU97c=
github.com/davecgh/go-spew v1.1.1/go.mod h1:J7Y8YcW2NihsgmVo/mv3lAwl/skON4iLHjSsI+c5H38=
github.com/google/go-cmp v0.7.0 h1:wk8382ETsv4JYUZwIsn6YpYiWiBsYLSJiTsyBybVuN8=
github.com/google/go-cmp v0.7.0/go.mod h1:pXiqmnSA92OHEEa9HXL2W4E7lf9JzCmGVUdgjX3N/iU=
github.com/pmezard/go-difflib v1.0.0 h1:4DBwDE0NGyQoBHbLQYPwSUPoCMWR5BEzIk/f1lZbAQM=
github.com/pmezard/go-difflib v1.0.0/go.mod h1:iKH77koFhYxTK1pcRnkKkqfTogsbg7gZNVY4sRDYZ/4=
github.com/stretchr/testify v1.11.1 h1:7s2iGBzp5EwR7/aIZr8ao5+dra3wiQyKjjFuvgVKu7U=
github.com/stretchr/testify v1.11.1/go.mod h1:wZwfW3scLgRK+23gO65QZefKpKQRnfz6sD981Nm4B6U=
go.pact.im/x/httptrack v0.0.14 h1:eveAVGOg56uCd/oiG81fS8tVgvclFNcAZoEv0OqWY84=
go.pact.im/x/httptrack v0.0.14/go.mod h1:4K04YUCd5AAQ5Mq4zfPeIFOIajO1Kiu2/4vL9eeow2I=
go.pact.im/x/netchan v0.0.15 h1:kedX0/XYAPJtTPXp+pSEq1y9rrg7Dc9bhc7yTamATNM=
go.pact.im/x/netchan v0.0.15/go.mod h1:+O7urrRgJz8fxcE+uKxitgCc1lVQ8YdIm88bs87KKPM=
go.pact.im/x/process v0.0.15 h1:SbXutER+9pzoN1DaavDVw9JP4skwnGCc1sMvP4HD0Yo=
go.pact.im/x/process v0.0.15/go.mod h1:ttFzz6hr3lDAFsauPymmtStzwnl0kKWCRQvSgvCS2UI=
go.pact.im/x/task v0.0.15 h1:1gcVYQiwEzSH6IGlIRB3nWXaADy2WKDAOYAF4XiRW20=
go.pact.im/x/task v0.0.15/go.mod h1:CtKoA4se8HVj0NEcxmw5d4bMu66Jxox/YshHeZ2KOgo=
go.uber.org/goleak v1.3.0 h1:2K3zAYmnTNqV73imy9J1T3WC+gmCePx2hEGkimedGto=
go.uber.org/goleak v1.3.0/go.mod h1:CoHD4mav9JJNrW/WLlf7HGZPjdw8EucARQHekz1X6bE=
gopkg.in/yaml.v3 v3.0.1 h1:fxVm/GzAzEWqLHuvctI91KS9hhNmmWOoWu0XTYJS7CA=
gopkg.in/yaml.v3 v3.0.1/go.mod h1:K4uyk7z7BCEPqu6E+C64Yfv1cQ7kz7rIZviUmN+EgEM=
gotest.tools/v3 v3.5.2 h1:7koQfIKdy+I8UTetycgUqXWSDwpgv193Ka+qRsmBY8Q=
gotest.tools/v3 v3.5.2/go.mod h1:LtdLGcnqToBH83WByAAi/wiwSFCArdFIUV/xxN4pcjA=
