github.com/davecgh/go-spew v1.1.1 h1:vj9j/u1bqnvCEfJOwUhtlOARqs3+rkHYY13jYWTU97c=
github.com/davecgh/go-spew v1.1.1/go.mod h1:J7Y8YcW2NihsgmVo/mv3lAwl/skON4iLHjSsI+c5H38=
github.com/google/go-cmp v0.7.0 h1:wk8382ETsv4JYUZwIsn6YpYiWiBsYLSJiTsyBybVuN8=
github.com/google/go-cmp v0.7.0/go.mod h1:pXiqmnSA92OHEEa9HXL2W4E7lf9JzCmGVUdgjX3N/iU=
github.com/pmezard/go-difflib v1.0.0 h1:4DBwDE0NGyQoBHbLQYPwSUPoCMWR5BEzIk/f1lZbAQM=
github.com/pmezard/go-difflib v1.0.0/go.mod h1:iKH77koFhYxTK1pcRnkKkqfTogsbg7gZNVY4sRDYZ/4=
github.com/stretchr/testify v1.11.1 h1:7s2iGBzp5EwR7/aIZr8ao5+dra3wiQyKjjFuvgVKu7U=
github.com/stretchr/testify v1.11.1/go.mod h1:wZwfW3scLgRK+23gO65QZefKpKQRnfz6sD981Nm4B6U=
go.pact.im/x/httptrack v0.0.13 h1:ELPFPGaX4AfVR1nMLkt0QvKS0cCxT1NzgyDN2XvJ3PM=
go.pact.im/x/httptrack v0.0.13/go.mod h1:YpSVkrMuCHGrhUpB7OMfLBBHpOK+K/PzKFTfeYfNFyo=
go.pact.im/x/netchan v0.0.13 h1:H6xgqqjRYVzCo1tAq7U+kPfdDmp9XdQTEB2WDbBci5Q=
go.pact.im/x/netchan v0.0.13/go.mod h1:1blHiOSyfxVUL0alLfOGvJeWBdfyInYQcmeP43lzXO4=
go.pact.im/x/process v0.0.13 h1:VL5efcLaLZrRZkvJ+lhPMBRakIh0RCvEfgidAylqkWY=
go.pact.im/x/process v0.0.13/go.mod h1:SPtzn95MKpFekNsFP/vHl7eDe7lsOicpdq3S9S/5zZc=
go.pact.im/x/task v0.0.13 h1:uKULxvtjfXWOZrkSNSevx1ZEmRCG5sTtuH3mmRYGNwA=
go.pact.im/x/task v0.0.13/go.mod h1:UhJ0wrm62pEj39W2y1lPSywYPjNkL+tcdtVxqUM866s=
go.uber.org/goleak v1.3.0 h1:2K3zAYmnTNqV73imy9J1T3WC+gmCePx2hEGkimedGto=
go.uber.org/goleak v1.3.0/go.mod h1:CoHD4mav9JJNrW/WLlf7HGZPjdw8EucARQHekz1X6bE=
gopkg.in/yaml.v3 v3.0.1 h1:fxVm/GzAzEWqLHuvctI91KS9hhNmmWOoWu0XTYJS7CA=
gopkg.in/yaml.v3 v3.0.1/go.mod h1:K4uyk7z7BCEPqu6E+C64Yfv1cQ7kz7rIZviUmN+EgEM=
gotest.tools/v3 v3.5.2 h1:7koQfIKdy+I8UTetycgUqXWSDwpgv193Ka+qRsmBY8Q=
gotest.tools/v3 v3.5.2/go.mod h1:LtdLGcnqToBH83WByAAi/wiwSFCArdFIUV/xxN4pcjA=
